
Microsoft Visual Studio Solution File, Format Version 12.00
# Visual Studio Version 17
VisualStudioVersion = 17.3.32929.385
MinimumVisualStudioVersion = 10.0.40219.1
Project("{FAE04EC0-301F-11D3-BF4B-00C04F79EFBC}") = "DISCERETE BROJECT", "DISCERETE BROJECT.csproj", "{66DCEFE3-097C-4EEB-8C0C-CF771AE19CBC}"
EndProject
Global
	GlobalSection(SolutionConfigurationPlatforms) = preSolution
		Debug|Any CPU = Debug|Any CPU
		Release|Any CPU = Release|Any CPU
	EndGlobalSection
	GlobalSection(ProjectConfigurationPlatforms) = postSolution
		{66DCEFE3-097C-4EEB-8C0C-CF771AE19CBC}.Debug|Any CPU.ActiveCfg = Debug|Any CPU
		{66DCEFE3-097C-4EEB-8C0C-CF771AE19CBC}.Debug|Any CPU.Build.0 = Debug|Any CPU
		{66DCEFE3-097C-4EEB-8C0C-CF771AE19CBC}.Release|Any CPU.ActiveCfg = Release|Any CPU
		{66DCEFE3-097C-4EEB-8C0C-CF771AE19CBC}.Release|Any CPU.Build.0 = Release|Any CPU
	EndGlobalSection
	GlobalSection(SolutionProperties) = preSolution
		HideSolutionNode = FALSE
	EndGlobalSection
	GlobalSection(ExtensibilityGlobals) = postSolution
		SolutionGuid = {73CCC03E-7117-4952-B0A2-65B5D9155287}
	EndGlobalSection
EndGlobal
